
Microsoft Visual Studio Solution File, Format Version 12.00
# Visual Studio 15
Project("{FAE04EC0-301F-11D3-BF4B-00C04F79EFBC}") = "SliderListaApp.Android", "SliderListaApp.Android\SliderListaApp.Android.csproj", "{4B0D846D-306C-4B60-8D10-C88778500B73}"
EndProject
Project("{FAE04EC0-301F-11D3-BF4B-00C04F79EFBC}") = "SliderListaApp.iOS", "SliderListaApp.iOS\SliderListaApp.iOS.csproj", "{EC284771-A984-4DE5-8572-0A2F1EF75EAE}"
EndProject
Project("{FAE04EC0-301F-11D3-BF4B-00C04F79EFBC}") = "SliderListaApp", "SliderListaApp\SliderListaApp.csproj", "{C7DF4487-FDDE-430B-8AEC-9A5DB2A4880F}"
EndProject
Global
	GlobalSection(SolutionConfigurationPlatforms) = preSolution
		Debug|Any CPU = Debug|Any CPU
		Release|Any CPU = Release|Any CPU
		Debug|iPhoneSimulator = Debug|iPhoneSimulator
		Release|iPhoneSimulator = Release|iPhoneSimulator
		Debug|iPhone = Debug|iPhone
		Release|iPhone = Release|iPhone
		Ad-Hoc|iPhone = Ad-Hoc|iPhone
		AppStore|iPhone = AppStore|iPhone
	EndGlobalSection
	GlobalSection(ProjectConfigurationPlatforms) = postSolution
		{4B0D846D-306C-4B60-8D10-C88778500B73}.Debug|Any CPU.ActiveCfg = Debug|Any CPU
		{4B0D846D-306C-4B60-8D10-C88778500B73}.Debug|Any CPU.Build.0 = Debug|Any CPU
		{4B0D846D-306C-4B60-8D10-C88778500B73}.Release|Any CPU.ActiveCfg = Release|Any CPU
		{4B0D846D-306C-4B60-8D10-C88778500B73}.Release|Any CPU.Build.0 = Release|Any CPU
		{4B0D846D-306C-4B60-8D10-C88778500B73}.Debug|iPhoneSimulator.ActiveCfg = Debug|Any CPU
		{4B0D846D-306C-4B60-8D10-C88778500B73}.Debug|iPhoneSimulator.Build.0 = Debug|Any CPU
		{4B0D846D-306C-4B60-8D10-C88778500B73}.Release|iPhoneSimulator.ActiveCfg = Release|Any CPU
		{4B0D846D-306C-4B60-8D10-C88778500B73}.Release|iPhoneSimulator.Build.0 = Release|Any CPU
		{4B0D846D-306C-4B60-8D10-C88778500B73}.Debug|iPhone.ActiveCfg = Debug|Any CPU
		{4B0D846D-306C-4B60-8D10-C88778500B73}.Debug|iPhone.Build.0 = Debug|Any CPU
		{4B0D846D-306C-4B60-8D10-C88778500B73}.Release|iPhone.ActiveCfg = Release|Any CPU
		{4B0D846D-306C-4B60-8D10-C88778500B73}.Release|iPhone.Build.0 = Release|Any CPU
		{4B0D846D-306C-4B60-8D10-C88778500B73}.Ad-Hoc|iPhone.ActiveCfg = Debug|Any CPU
		{4B0D846D-306C-4B60-8D10-C88778500B73}.Ad-Hoc|iPhone.Build.0 = Debug|Any CPU
		{4B0D846D-306C-4B60-8D10-C88778500B73}.AppStore|iPhone.ActiveCfg = Debug|Any CPU
		{4B0D846D-306C-4B60-8D10-C88778500B73}.AppStore|iPhone.Build.0 = Debug|Any CPU
		{EC284771-A984-4DE5-8572-0A2F1EF75EAE}.Debug|Any CPU.ActiveCfg = Debug|iPhoneSimulator
		{EC284771-A984-4DE5-8572-0A2F1EF75EAE}.Debug|Any CPU.Build.0 = Debug|iPhoneSimulator
		{EC284771-A984-4DE5-8572-0A2F1EF75EAE}.Release|Any CPU.ActiveCfg = Release|iPhoneSimulator
		{EC284771-A984-4DE5-8572-0A2F1EF75EAE}.Release|Any CPU.Build.0 = Release|iPhoneSimulator
		{EC284771-A984-4DE5-8572-0A2F1EF75EAE}.Debug|iPhoneSimulator.ActiveCfg = Debug|iPhoneSimulator
		{EC284771-A984-4DE5-8572-0A2F1EF75EAE}.Debug|iPhoneSimulator.Build.0 = Debug|iPhoneSimulator
		{EC284771-A984-4DE5-8572-0A2F1EF75EAE}.Release|iPhoneSimulator.ActiveCfg = Release|iPhoneSimulator
		{EC284771-A984-4DE5-8572-0A2F1EF75EAE}.Release|iPhoneSimulator.Build.0 = Release|iPhoneSimulator
		{EC284771-A984-4DE5-8572-0A2F1EF75EAE}.Debug|iPhone.ActiveCfg = Debug|iPhone
		{EC284771-A984-4DE5-8572-0A2F1EF75EAE}.Debug|iPhone.Build.0 = Debug|iPhone
		{EC284771-A984-4DE5-8572-0A2F1EF75EAE}.Release|iPhone.ActiveCfg = Release|iPhone
		{EC284771-A984-4DE5-8572-0A2F1EF75EAE}.Release|iPhone.Build.0 = Release|iPhone
		{EC284771-A984-4DE5-8572-0A2F1EF75EAE}.Ad-Hoc|iPhone.ActiveCfg = Ad-Hoc|iPhone
		{EC284771-A984-4DE5-8572-0A2F1EF75EAE}.Ad-Hoc|iPhone.Build.0 = Ad-Hoc|iPhone
		{EC284771-A984-4DE5-8572-0A2F1EF75EAE}.AppStore|iPhone.ActiveCfg = AppStore|iPhone
		{EC284771-A984-4DE5-8572-0A2F1EF75EAE}.AppStore|iPhone.Build.0 = AppStore|iPhone
		{C7DF4487-FDDE-430B-8AEC-9A5DB2A4880F}.Debug|Any CPU.ActiveCfg = Debug|Any CPU
		{C7DF4487-FDDE-430B-8AEC-9A5DB2A4880F}.Debug|Any CPU.Build.0 = Debug|Any CPU
		{C7DF4487-FDDE-430B-8AEC-9A5DB2A4880F}.Release|Any CPU.ActiveCfg = Release|Any CPU
		{C7DF4487-FDDE-430B-8AEC-9A5DB2A4880F}.Release|Any CPU.Build.0 = Release|Any CPU
		{C7DF4487-FDDE-430B-8AEC-9A5DB2A4880F}.Debug|iPhoneSimulator.ActiveCfg = Debug|Any CPU
		{C7DF4487-FDDE-430B-8AEC-9A5DB2A4880F}.Debug|iPhoneSimulator.Build.0 = Debug|Any CPU
		{C7DF4487-FDDE-430B-8AEC-9A5DB2A4880F}.Release|iPhoneSimulator.ActiveCfg = Release|Any CPU
		{C7DF4487-FDDE-430B-8AEC-9A5DB2A4880F}.Release|iPhoneSimulator.Build.0 = Release|Any CPU
		{C7DF4487-FDDE-430B-8AEC-9A5DB2A4880F}.Debug|iPhone.ActiveCfg = Debug|Any CPU
		{C7DF4487-FDDE-430B-8AEC-9A5DB2A4880F}.Debug|iPhone.Build.0 = Debug|Any CPU
		{C7DF4487-FDDE-430B-8AEC-9A5DB2A4880F}.Release|iPhone.ActiveCfg = Release|Any CPU
		{C7DF4487-FDDE-430B-8AEC-9A5DB2A4880F}.Release|iPhone.Build.0 = Release|Any CPU
		{C7DF4487-FDDE-430B-8AEC-9A5DB2A4880F}.Ad-Hoc|iPhone.ActiveCfg = Debug|Any CPU
		{C7DF4487-FDDE-430B-8AEC-9A5DB2A4880F}.Ad-Hoc|iPhone.Build.0 = Debug|Any CPU
		{C7DF4487-FDDE-430B-8AEC-9A5DB2A4880F}.AppStore|iPhone.ActiveCfg = Debug|Any CPU
		{C7DF4487-FDDE-430B-8AEC-9A5DB2A4880F}.AppStore|iPhone.Build.0 = Debug|Any CPU
	EndGlobalSection
EndGlobal
